
Microsoft Visual Studio Solution File, Format Version 12.00
# Visual Studio Version 17
VisualStudioVersion = 17.4.33213.308
MinimumVisualStudioVersion = 10.0.40219.1
Project("{FAE04EC0-301F-11D3-BF4B-00C04F79EFBC}") = "SpongeQR-wasm", "SpongeQR-wasm\SpongeQR-wasm.csproj", "{5401FF35-DF23-4D02-9DFA-995CC5D0BBB0}"
EndProject
Global
	GlobalSection(SolutionConfigurationPlatforms) = preSolution
		Debug|Any CPU = Debug|Any CPU
		Release|Any CPU = Release|Any CPU
	EndGlobalSection
	GlobalSection(ProjectConfigurationPlatforms) = postSolution
		{5401FF35-DF23-4D02-9DFA-995CC5D0BBB0}.Debug|Any CPU.ActiveCfg = Debug|Any CPU
		{5401FF35-DF23-4D02-9DFA-995CC5D0BBB0}.Debug|Any CPU.Build.0 = Debug|Any CPU
		{5401FF35-DF23-4D02-9DFA-995CC5D0BBB0}.Release|Any CPU.ActiveCfg = Release|Any CPU
		{5401FF35-DF23-4D02-9DFA-995CC5D0BBB0}.Release|Any CPU.Build.0 = Release|Any CPU
	EndGlobalSection
	GlobalSection(SolutionProperties) = preSolution
		HideSolutionNode = FALSE
	EndGlobalSection
	GlobalSection(ExtensibilityGlobals) = postSolution
		SolutionGuid = {416C4EA2-0581-41E7-8A21-227DADAE058B}
	EndGlobalSection
EndGlobal
